
Microsoft Visual Studio Solution File, Format Version 12.00
# Visual Studio Version 16
VisualStudioVersion = 16.0.29728.190
MinimumVisualStudioVersion = 10.0.40219.1
Project("{FAE04EC0-301F-11D3-BF4B-00C04F79EFBC}") = "AssignmentWebApp", "AssignmentWebApp\AssignmentWebApp.csproj", "{876E7534-0354-459A-A2D8-A0394735DA69}"
EndProject
Project("{FAE04EC0-301F-11D3-BF4B-00C04F79EFBC}") = "CommonSolution", "CommonSolution\CommonSolution.csproj", "{5C38D6F0-3CF1-4317-86F3-3A5D2B291634}"
EndProject
Project("{FAE04EC0-301F-11D3-BF4B-00C04F79EFBC}") = "BusinessSolution", "BusinessSolution\BusinessSolution.csproj", "{F3681399-63F9-4F78-9737-5C8527736743}"
EndProject
Global
	GlobalSection(SolutionConfigurationPlatforms) = preSolution
		Debug|Any CPU = Debug|Any CPU
		Release|Any CPU = Release|Any CPU
	EndGlobalSection
	GlobalSection(ProjectConfigurationPlatforms) = postSolution
		{876E7534-0354-459A-A2D8-A0394735DA69}.Debug|Any CPU.ActiveCfg = Debug|Any CPU
		{876E7534-0354-459A-A2D8-A0394735DA69}.Debug|Any CPU.Build.0 = Debug|Any CPU
		{876E7534-0354-459A-A2D8-A0394735DA69}.Release|Any CPU.ActiveCfg = Release|Any CPU
		{876E7534-0354-459A-A2D8-A0394735DA69}.Release|Any CPU.Build.0 = Release|Any CPU
		{5C38D6F0-3CF1-4317-86F3-3A5D2B291634}.Debug|Any CPU.ActiveCfg = Debug|Any CPU
		{5C38D6F0-3CF1-4317-86F3-3A5D2B291634}.Debug|Any CPU.Build.0 = Debug|Any CPU
		{5C38D6F0-3CF1-4317-86F3-3A5D2B291634}.Release|Any CPU.ActiveCfg = Release|Any CPU
		{5C38D6F0-3CF1-4317-86F3-3A5D2B291634}.Release|Any CPU.Build.0 = Release|Any CPU
		{F3681399-63F9-4F78-9737-5C8527736743}.Debug|Any CPU.ActiveCfg = Debug|Any CPU
		{F3681399-63F9-4F78-9737-5C8527736743}.Debug|Any CPU.Build.0 = Debug|Any CPU
		{F3681399-63F9-4F78-9737-5C8527736743}.Release|Any CPU.ActiveCfg = Release|Any CPU
		{F3681399-63F9-4F78-9737-5C8527736743}.Release|Any CPU.Build.0 = Release|Any CPU
	EndGlobalSection
	GlobalSection(SolutionProperties) = preSolution
		HideSolutionNode = FALSE
	EndGlobalSection
	GlobalSection(ExtensibilityGlobals) = postSolution
		SolutionGuid = {7413E83C-1450-4717-973F-DE431A4D531B}
	EndGlobalSection
EndGlobal
